
Microsoft Visual Studio Solution File, Format Version 12.00
# Visual Studio Version 16
VisualStudioVersion = 16.0.29709.97
MinimumVisualStudioVersion = 10.0.40219.1
Project("{9A19103F-16F7-4668-BE54-9A1E7A4F7556}") = "FavoursApp", "FavoursApp\FavoursApp.csproj", "{6C4DAD2F-CEDE-4E5C-8A58-8F1CFBA5DBB2}"
EndProject
Project("{9A19103F-16F7-4668-BE54-9A1E7A4F7556}") = "Managers", "Managers\Managers.csproj", "{375A3D1C-3A2F-415E-9C79-DA33A8961DDB}"
EndProject
Project("{9A19103F-16F7-4668-BE54-9A1E7A4F7556}") = "DAL", "DAL\DAL.csproj", "{77F86972-750A-4714-9D63-DC36D0FC6E7E}"
EndProject
Project("{9A19103F-16F7-4668-BE54-9A1E7A4F7556}") = "Models", "Models\Models.csproj", "{210EADA1-4E31-4C2C-8128-F95C5525AB6A}"
EndProject
Project("{9A19103F-16F7-4668-BE54-9A1E7A4F7556}") = "AdditionalFiles", "AdditionalFiles\AdditionalFiles.csproj", "{405D2379-E1EB-4C55-BCD4-832C3C19C725}"
EndProject
Project("{9A19103F-16F7-4668-BE54-9A1E7A4F7556}") = "UnitTests", "UnitTests\UnitTests.csproj", "{A48A2F00-E61F-40D7-9AD0-0FE397A16123}"
EndProject
Project("{FAE04EC0-301F-11D3-BF4B-00C04F79EFBC}") = "Repos", "Repos\Repos.csproj", "{4A1A4DCC-E0AD-4E59-8D86-79C9F078EBEA}"
EndProject
Global
	GlobalSection(SolutionConfigurationPlatforms) = preSolution
		Debug|Any CPU = Debug|Any CPU
		Release|Any CPU = Release|Any CPU
	EndGlobalSection
	GlobalSection(ProjectConfigurationPlatforms) = postSolution
		{6C4DAD2F-CEDE-4E5C-8A58-8F1CFBA5DBB2}.Debug|Any CPU.ActiveCfg = Debug|Any CPU
		{6C4DAD2F-CEDE-4E5C-8A58-8F1CFBA5DBB2}.Debug|Any CPU.Build.0 = Debug|Any CPU
		{6C4DAD2F-CEDE-4E5C-8A58-8F1CFBA5DBB2}.Release|Any CPU.ActiveCfg = Release|Any CPU
		{6C4DAD2F-CEDE-4E5C-8A58-8F1CFBA5DBB2}.Release|Any CPU.Build.0 = Release|Any CPU
		{375A3D1C-3A2F-415E-9C79-DA33A8961DDB}.Debug|Any CPU.ActiveCfg = Debug|Any CPU
		{375A3D1C-3A2F-415E-9C79-DA33A8961DDB}.Debug|Any CPU.Build.0 = Debug|Any CPU
		{375A3D1C-3A2F-415E-9C79-DA33A8961DDB}.Release|Any CPU.ActiveCfg = Release|Any CPU
		{375A3D1C-3A2F-415E-9C79-DA33A8961DDB}.Release|Any CPU.Build.0 = Release|Any CPU
		{77F86972-750A-4714-9D63-DC36D0FC6E7E}.Debug|Any CPU.ActiveCfg = Debug|Any CPU
		{77F86972-750A-4714-9D63-DC36D0FC6E7E}.Debug|Any CPU.Build.0 = Debug|Any CPU
		{77F86972-750A-4714-9D63-DC36D0FC6E7E}.Release|Any CPU.ActiveCfg = Release|Any CPU
		{77F86972-750A-4714-9D63-DC36D0FC6E7E}.Release|Any CPU.Build.0 = Release|Any CPU
		{210EADA1-4E31-4C2C-8128-F95C5525AB6A}.Debug|Any CPU.ActiveCfg = Debug|Any CPU
		{210EADA1-4E31-4C2C-8128-F95C5525AB6A}.Debug|Any CPU.Build.0 = Debug|Any CPU
		{210EADA1-4E31-4C2C-8128-F95C5525AB6A}.Release|Any CPU.ActiveCfg = Release|Any CPU
		{210EADA1-4E31-4C2C-8128-F95C5525AB6A}.Release|Any CPU.Build.0 = Release|Any CPU
		{405D2379-E1EB-4C55-BCD4-832C3C19C725}.Debug|Any CPU.ActiveCfg = Debug|Any CPU
		{405D2379-E1EB-4C55-BCD4-832C3C19C725}.Debug|Any CPU.Build.0 = Debug|Any CPU
		{405D2379-E1EB-4C55-BCD4-832C3C19C725}.Release|Any CPU.ActiveCfg = Release|Any CPU
		{405D2379-E1EB-4C55-BCD4-832C3C19C725}.Release|Any CPU.Build.0 = Release|Any CPU
		{A48A2F00-E61F-40D7-9AD0-0FE397A16123}.Debug|Any CPU.ActiveCfg = Debug|Any CPU
		{A48A2F00-E61F-40D7-9AD0-0FE397A16123}.Debug|Any CPU.Build.0 = Debug|Any CPU
		{A48A2F00-E61F-40D7-9AD0-0FE397A16123}.Release|Any CPU.ActiveCfg = Release|Any CPU
		{A48A2F00-E61F-40D7-9AD0-0FE397A16123}.Release|Any CPU.Build.0 = Release|Any CPU
		{4A1A4DCC-E0AD-4E59-8D86-79C9F078EBEA}.Debug|Any CPU.ActiveCfg = Debug|Any CPU
		{4A1A4DCC-E0AD-4E59-8D86-79C9F078EBEA}.Debug|Any CPU.Build.0 = Debug|Any CPU
		{4A1A4DCC-E0AD-4E59-8D86-79C9F078EBEA}.Release|Any CPU.ActiveCfg = Release|Any CPU
		{4A1A4DCC-E0AD-4E59-8D86-79C9F078EBEA}.Release|Any CPU.Build.0 = Release|Any CPU
	EndGlobalSection
	GlobalSection(SolutionProperties) = preSolution
		HideSolutionNode = FALSE
	EndGlobalSection
	GlobalSection(ExtensibilityGlobals) = postSolution
		SolutionGuid = {401237DB-3FBF-4970-B7AC-802295D83879}
	EndGlobalSection
EndGlobal
