
Microsoft Visual Studio Solution File, Format Version 12.00
# Visual Studio Version 16
VisualStudioVersion = 16.0.29709.97
MinimumVisualStudioVersion = 10.0.40219.1
Project("{FAE04EC0-301F-11D3-BF4B-00C04F79EFBC}") = "Arithmetic_Casus_CircusAnimals", "Arithmetic_Casus_CircusAnimals\Arithmetic_Casus_CircusAnimals.csproj", "{F412F8EE-06BB-47BE-BDCE-DD22B5A626D8}"
EndProject
Project("{FAE04EC0-301F-11D3-BF4B-00C04F79EFBC}") = "Arithmetic_Casus_CircusAnimalsUnitTests", "Arithmetic_Casus_CircusAnimalsUnitTests\Arithmetic_Casus_CircusAnimalsUnitTests.csproj", "{D56259C7-38C4-4612-BEF3-EC1B0F8470EE}"
EndProject
Project("{9A19103F-16F7-4668-BE54-9A1E7A4F7556}") = "LogicLayer", "LogicLayer\LogicLayer.csproj", "{B70FF665-1D99-47E0-8346-8501EBBB9CE5}"
EndProject
Project("{9A19103F-16F7-4668-BE54-9A1E7A4F7556}") = "DataAccess", "DataAccess\DataAccess.csproj", "{6C648C70-1044-4A18-8BA1-2F63FE0BC23D}"
EndProject
Global
	GlobalSection(SolutionConfigurationPlatforms) = preSolution
		Debug|Any CPU = Debug|Any CPU
		Release|Any CPU = Release|Any CPU
	EndGlobalSection
	GlobalSection(ProjectConfigurationPlatforms) = postSolution
		{F412F8EE-06BB-47BE-BDCE-DD22B5A626D8}.Debug|Any CPU.ActiveCfg = Debug|Any CPU
		{F412F8EE-06BB-47BE-BDCE-DD22B5A626D8}.Debug|Any CPU.Build.0 = Debug|Any CPU
		{F412F8EE-06BB-47BE-BDCE-DD22B5A626D8}.Release|Any CPU.ActiveCfg = Release|Any CPU
		{F412F8EE-06BB-47BE-BDCE-DD22B5A626D8}.Release|Any CPU.Build.0 = Release|Any CPU
		{D56259C7-38C4-4612-BEF3-EC1B0F8470EE}.Debug|Any CPU.ActiveCfg = Debug|Any CPU
		{D56259C7-38C4-4612-BEF3-EC1B0F8470EE}.Debug|Any CPU.Build.0 = Debug|Any CPU
		{D56259C7-38C4-4612-BEF3-EC1B0F8470EE}.Release|Any CPU.ActiveCfg = Release|Any CPU
		{D56259C7-38C4-4612-BEF3-EC1B0F8470EE}.Release|Any CPU.Build.0 = Release|Any CPU
		{B70FF665-1D99-47E0-8346-8501EBBB9CE5}.Debug|Any CPU.ActiveCfg = Debug|Any CPU
		{B70FF665-1D99-47E0-8346-8501EBBB9CE5}.Debug|Any CPU.Build.0 = Debug|Any CPU
		{B70FF665-1D99-47E0-8346-8501EBBB9CE5}.Release|Any CPU.ActiveCfg = Release|Any CPU
		{B70FF665-1D99-47E0-8346-8501EBBB9CE5}.Release|Any CPU.Build.0 = Release|Any CPU
		{6C648C70-1044-4A18-8BA1-2F63FE0BC23D}.Debug|Any CPU.ActiveCfg = Debug|Any CPU
		{6C648C70-1044-4A18-8BA1-2F63FE0BC23D}.Debug|Any CPU.Build.0 = Debug|Any CPU
		{6C648C70-1044-4A18-8BA1-2F63FE0BC23D}.Release|Any CPU.ActiveCfg = Release|Any CPU
		{6C648C70-1044-4A18-8BA1-2F63FE0BC23D}.Release|Any CPU.Build.0 = Release|Any CPU
	EndGlobalSection
	GlobalSection(SolutionProperties) = preSolution
		HideSolutionNode = FALSE
	EndGlobalSection
	GlobalSection(ExtensibilityGlobals) = postSolution
		SolutionGuid = {EFF374BB-86DD-4059-A4AC-F6B86E137BBE}
	EndGlobalSection
EndGlobal
