
Microsoft Visual Studio Solution File, Format Version 12.00
# Visual Studio Version 16
VisualStudioVersion = 16.0.29709.97
MinimumVisualStudioVersion = 10.0.40219.1
Project("{FAE04EC0-301F-11D3-BF4B-00C04F79EFBC}") = "DeBesteTijdVoorWetenschappers", "DeBesteTijdVoorWetenschappers\DeBesteTijdVoorWetenschappers.csproj", "{6C03E087-2A2C-4E0F-AF51-E3BD642B277E}"
EndProject
Project("{FAE04EC0-301F-11D3-BF4B-00C04F79EFBC}") = "Models", "Models\Models.csproj", "{22DB317E-8F6E-4501-ADA0-A4898BC7E2B0}"
EndProject
Project("{FAE04EC0-301F-11D3-BF4B-00C04F79EFBC}") = "Managers", "Managers\Managers.csproj", "{1B19BF7F-DD39-4063-A92E-DF8852CDB8F3}"
EndProject
Global
	GlobalSection(SolutionConfigurationPlatforms) = preSolution
		Debug|Any CPU = Debug|Any CPU
		Release|Any CPU = Release|Any CPU
	EndGlobalSection
	GlobalSection(ProjectConfigurationPlatforms) = postSolution
		{6C03E087-2A2C-4E0F-AF51-E3BD642B277E}.Debug|Any CPU.ActiveCfg = Debug|Any CPU
		{6C03E087-2A2C-4E0F-AF51-E3BD642B277E}.Debug|Any CPU.Build.0 = Debug|Any CPU
		{6C03E087-2A2C-4E0F-AF51-E3BD642B277E}.Release|Any CPU.ActiveCfg = Release|Any CPU
		{6C03E087-2A2C-4E0F-AF51-E3BD642B277E}.Release|Any CPU.Build.0 = Release|Any CPU
		{22DB317E-8F6E-4501-ADA0-A4898BC7E2B0}.Debug|Any CPU.ActiveCfg = Debug|Any CPU
		{22DB317E-8F6E-4501-ADA0-A4898BC7E2B0}.Debug|Any CPU.Build.0 = Debug|Any CPU
		{22DB317E-8F6E-4501-ADA0-A4898BC7E2B0}.Release|Any CPU.ActiveCfg = Release|Any CPU
		{22DB317E-8F6E-4501-ADA0-A4898BC7E2B0}.Release|Any CPU.Build.0 = Release|Any CPU
		{1B19BF7F-DD39-4063-A92E-DF8852CDB8F3}.Debug|Any CPU.ActiveCfg = Debug|Any CPU
		{1B19BF7F-DD39-4063-A92E-DF8852CDB8F3}.Debug|Any CPU.Build.0 = Debug|Any CPU
		{1B19BF7F-DD39-4063-A92E-DF8852CDB8F3}.Release|Any CPU.ActiveCfg = Release|Any CPU
		{1B19BF7F-DD39-4063-A92E-DF8852CDB8F3}.Release|Any CPU.Build.0 = Release|Any CPU
	EndGlobalSection
	GlobalSection(SolutionProperties) = preSolution
		HideSolutionNode = FALSE
	EndGlobalSection
	GlobalSection(ExtensibilityGlobals) = postSolution
		SolutionGuid = {2D51D95D-BFF9-4579-B5B9-DB7FF958A3B8}
	EndGlobalSection
EndGlobal
